
Microsoft Visual Studio Solution File, Format Version 12.00
# Visual Studio 15
VisualStudioVersion = 15.0.26730.16
MinimumVisualStudioVersion = 10.0.40219.1
Project("{9A19103F-16F7-4668-BE54-9A1E7A4F7556}") = "Trivia", "Trivia\Trivia.csproj", "{5BA0417F-5BB4-4AF3-B92A-5FF51F3B276A}"
EndProject
Project("{9A19103F-16F7-4668-BE54-9A1E7A4F7556}") = "Trivia.Tests", "Trivia.Tests\Trivia.Tests.csproj", "{FE26E40B-9F57-4B6B-A226-45D804E298A8}"
EndProject
Global
	GlobalSection(SolutionConfigurationPlatforms) = preSolution
		Debug|Any CPU = Debug|Any CPU
		Debug|x86 = Debug|x86
		Release|Any CPU = Release|Any CPU
		Release|x86 = Release|x86
	EndGlobalSection
	GlobalSection(ProjectConfigurationPlatforms) = postSolution
		{5BA0417F-5BB4-4AF3-B92A-5FF51F3B276A}.Debug|Any CPU.ActiveCfg = Debug|Any CPU
		{5BA0417F-5BB4-4AF3-B92A-5FF51F3B276A}.Debug|Any CPU.Build.0 = Debug|Any CPU
		{5BA0417F-5BB4-4AF3-B92A-5FF51F3B276A}.Debug|x86.ActiveCfg = Debug|Any CPU
		{5BA0417F-5BB4-4AF3-B92A-5FF51F3B276A}.Debug|x86.Build.0 = Debug|Any CPU
		{5BA0417F-5BB4-4AF3-B92A-5FF51F3B276A}.Release|Any CPU.ActiveCfg = Release|Any CPU
		{5BA0417F-5BB4-4AF3-B92A-5FF51F3B276A}.Release|Any CPU.Build.0 = Release|Any CPU
		{5BA0417F-5BB4-4AF3-B92A-5FF51F3B276A}.Release|x86.ActiveCfg = Release|Any CPU
		{5BA0417F-5BB4-4AF3-B92A-5FF51F3B276A}.Release|x86.Build.0 = Release|Any CPU
		{FE26E40B-9F57-4B6B-A226-45D804E298A8}.Debug|Any CPU.ActiveCfg = Debug|Any CPU
		{FE26E40B-9F57-4B6B-A226-45D804E298A8}.Debug|Any CPU.Build.0 = Debug|Any CPU
		{FE26E40B-9F57-4B6B-A226-45D804E298A8}.Debug|x86.ActiveCfg = Debug|Any CPU
		{FE26E40B-9F57-4B6B-A226-45D804E298A8}.Debug|x86.Build.0 = Debug|Any CPU
		{FE26E40B-9F57-4B6B-A226-45D804E298A8}.Release|Any CPU.ActiveCfg = Release|Any CPU
		{FE26E40B-9F57-4B6B-A226-45D804E298A8}.Release|Any CPU.Build.0 = Release|Any CPU
		{FE26E40B-9F57-4B6B-A226-45D804E298A8}.Release|x86.ActiveCfg = Release|Any CPU
		{FE26E40B-9F57-4B6B-A226-45D804E298A8}.Release|x86.Build.0 = Release|Any CPU
	EndGlobalSection
	GlobalSection(SolutionProperties) = preSolution
		HideSolutionNode = FALSE
	EndGlobalSection
	GlobalSection(ExtensibilityGlobals) = postSolution
		SolutionGuid = {7F8D23E4-6A4B-4789-96F0-4D9397703D8A}
	EndGlobalSection
EndGlobal
